// !$*UTF8*$!
{
	archiveVersion = 1;
	classes = {
	};
	objectVersion = 48;
	objects = {

/* Begin PBXBuildFile section */
		4836AAB720747D910033F06E /* AppDelegate.m in Sources */ = {isa = PBXBuildFile; fileRef = 4836AAB620747D910033F06E /* AppDelegate.m */; };
		4836AABA20747D910033F06E /* ViewController.m in Sources */ = {isa = PBXBuildFile; fileRef = 4836AAB920747D910033F06E /* ViewController.m */; };
		4836AABD20747D910033F06E /* Main.storyboard in Resources */ = {isa = PBXBuildFile; fileRef = 4836AABB20747D910033F06E /* Main.storyboard */; };
		4836AABF20747D910033F06E /* Assets.xcassets in Resources */ = {isa = PBXBuildFile; fileRef = 4836AABE20747D910033F06E /* Assets.xcassets */; };
		4836AAC220747D910033F06E /* LaunchScreen.storyboard in Resources */ = {isa = PBXBuildFile; fileRef = 4836AAC020747D910033F06E /* LaunchScreen.storyboard */; };
		4836AAC520747D910033F06E /* main.m in Sources */ = {isa = PBXBuildFile; fileRef = 4836AAC420747D910033F06E /* main.m */; };
		4836AACF20747D910033F06E /* demo2Tests.m in Sources */ = {isa = PBXBuildFile; fileRef = 4836AACE20747D910033F06E /* demo2Tests.m */; };
		4836AADA20747D910033F06E /* demo2UITests.m in Sources */ = {isa = PBXBuildFile; fileRef = 4836AAD920747D910033F06E /* demo2UITests.m */; };
/* End PBXBuildFile section */

/* Begin PBXContainerItemProxy section */
		4836AACB20747D910033F06E /* PBXContainerItemProxy */ = {
			isa = PBXContainerItemProxy;
			containerPortal = 4836AAAA20747D910033F06E /* Project object */;
			proxyType = 1;
			remoteGlobalIDString = 4836AAB120747D910033F06E;
			remoteInfo = demo2;
		};
		4836AAD620747D910033F06E /* PBXContainerItemProxy */ = {
			isa = PBXContainerItemProxy;
			containerPortal = 4836AAAA20747D910033F06E /* Project object */;
			proxyType = 1;
			remoteGlobalIDString = 4836AAB120747D910033F06E;
			remoteInfo = demo2;
		};
/* End PBXContainerItemProxy section */

/* Begin PBXFileReference section */
		4836AAB220747D910033F06E /* demo2.app */ = {isa = PBXFileReference; explicitFileType = wrapper.application; includeInIndex = 0; path = demo2.app; sourceTree = BUILT_PRODUCTS_DIR; };
		4836AAB520747D910033F06E /* AppDelegate.h */ = {isa = PBXFileReference; lastKnownFileType = sourcecode.c.h; path = AppDelegate.h; sourceTree = "<group>"; };
		4836AAB620747D910033F06E /* AppDelegate.m */ = {isa = PBXFileReference; lastKnownFileType = sourcecode.c.objc; path = AppDelegate.m; sourceTree = "<group>"; };
		4836AAB820747D910033F06E /* ViewController.h */ = {isa = PBXFileReference; lastKnownFileType = sourcecode.c.h; path = ViewController.h; sourceTree = "<group>"; };
		4836AAB920747D910033F06E /* ViewController.m */ = {isa = PBXFileReference; lastKnownFileType = sourcecode.c.objc; path = ViewController.m; sourceTree = "<group>"; };
		4836AABC20747D910033F06E /* Base */ = {isa = PBXFileReference; lastKnownFileType = file.storyboard; name = Base; path = Base.lproj/Main.storyboard; sourceTree = "<group>"; };
		4836AABE20747D910033F06E /* Assets.xcassets */ = {isa = PBXFileReference; lastKnownFileType = folder.assetcatalog; path = Assets.xcassets; sourceTree = "<group>"; };
		4836AAC120747D910033F06E /* Base */ = {isa = PBXFileReference; lastKnownFileType = file.storyboard; name = Base; path = Base.lproj/LaunchScreen.storyboard; sourceTree = "<group>"; };
		4836AAC320747D910033F06E /* Info.plist */ = {isa = PBXFileReference; lastKnownFileType = text.plist.xml; path = Info.plist; sourceTree = "<group>"; };
		4836AAC420747D910033F06E /* main.m */ = {isa = PBXFileReference; lastKnownFileType = sourcecode.c.objc; path = main.m; sourceTree = "<group>"; };
		4836AACA20747D910033F06E /* demo2Tests.xctest */ = {isa = PBXFileReference; explicitFileType = wrapper.cfbundle; includeInIndex = 0; path = demo2Tests.xctest; sourceTree = BUILT_PRODUCTS_DIR; };
		4836AACE20747D910033F06E /* demo2Tests.m */ = {isa = PBXFileReference; lastKnownFileType = sourcecode.c.objc; path = demo2Tests.m; sourceTree = "<group>"; };
		4836AAD020747D910033F06E /* Info.plist */ = {isa = PBXFileReference; lastKnownFileType = text.plist.xml; path = Info.plist; sourceTree = "<group>"; };
		4836AAD520747D910033F06E /* demo2UITests.xctest */ = {isa = PBXFileReference; explicitFileType = wrapper.cfbundle; includeInIndex = 0; path = demo2UITests.xctest; sourceTree = BUILT_PRODUCTS_DIR; };
		4836AAD920747D910033F06E /* demo2UITests.m */ = {isa = PBXFileReference; lastKnownFileType = sourcecode.c.objc; path = demo2UITests.m; sourceTree = "<group>"; };
		4836AADB20747D910033F06E /* Info.plist */ = {isa = PBXFileReference; lastKnownFileType = text.plist.xml; path = Info.plist; sourceTree = "<group>"; };
/* End PBXFileReference section */

/* Begin PBXFrameworksBuildPhase section */
		4836AAAF20747D910033F06E /* Frameworks */ = {
			isa = PBXFrameworksBuildPhase;
			buildActionMask = 2147483647;
			files = (
			);
			runOnlyForDeploymentPostprocessing = 0;
		};
		4836AAC720747D910033F06E /* Frameworks */ = {
			isa = PBXFrameworksBuildPhase;
			buildActionMask = 2147483647;
			files = (
			);
			runOnlyForDeploymentPostprocessing = 0;
		};
		4836AAD220747D910033F06E /* Frameworks */ = {
			isa = PBXFrameworksBuildPhase;
			buildActionMask = 2147483647;
			files = (
			);
			runOnlyForDeploymentPostprocessing = 0;
		};
/* End PBXFrameworksBuildPhase section */

/* Begin PBXGroup section */
		4836AAA920747D910033F06E = {
			isa = PBXGroup;
			children = (
				4836AAB420747D910033F06E /* demo2 */,
				4836AACD20747D910033F06E /* demo2Tests */,
				4836AAD820747D910033F06E /* demo2UITests */,
				4836AAB320747D910033F06E /* Products */,
			);
			sourceTree = "<group>";
		};
		4836AAB320747D910033F06E /* Products */ = {
			isa = PBXGroup;
			children = (
				4836AAB220747D910033F06E /* demo2.app */,
				4836AACA20747D910033F06E /* demo2Tests.xctest */,
				4836AAD520747D910033F06E /* demo2UITests.xctest */,
			);
			name = Products;
			sourceTree = "<group>";
		};
		4836AAB420747D910033F06E /* demo2 */ = {
			isa = PBXGroup;
			children = (
				4836AAB520747D910033F06E /* AppDelegate.h */,
				4836AAB620747D910033F06E /* AppDelegate.m */,
				4836AAB820747D910033F06E /* ViewController.h */,
				4836AAB920747D910033F06E /* ViewController.m */,
				4836AABB20747D910033F06E /* Main.storyboard */,
				4836AABE20747D910033F06E /* Assets.xcassets */,
				4836AAC020747D910033F06E /* LaunchScreen.storyboard */,
				4836AAC320747D910033F06E /* Info.plist */,
				4836AAC420747D910033F06E /* main.m */,
			);
			path = demo2;
			sourceTree = "<group>";
		};
		4836AACD20747D910033F06E /* demo2Tests */ = {
			isa = PBXGroup;
			children = (
				4836AACE20747D910033F06E /* demo2Tests.m */,
				4836AAD020747D910033F06E /* Info.plist */,
			);
			path = demo2Tests;
			sourceTree = "<group>";
		};
		4836AAD820747D910033F06E /* demo2UITests */ = {
			isa = PBXGroup;
			children = (
				4836AAD920747D910033F06E /* demo2UITests.m */,
				4836AADB20747D910033F06E /* Info.plist */,
			);
			path = demo2UITests;
			sourceTree = "<group>";
		};
/* End PBXGroup section */

/* Begin PBXNativeTarget section */
		4836AAB120747D910033F06E /* demo2 */ = {
			isa = PBXNativeTarget;
			buildConfigurationList = 4836AADE20747D910033F06E /* Build configuration list for PBXNativeTarget "demo2" */;
			buildPhases = (
				4836AAAE20747D910033F06E /* Sources */,
				4836AAAF20747D910033F06E /* Frameworks */,
				4836AAB020747D910033F06E /* Resources */,
			);
			buildRules = (
			);
			dependencies = (
			);
			name = demo2;
			productName = demo2;
			productReference = 4836AAB220747D910033F06E /* demo2.app */;
			productType = "com.apple.product-type.application";
		};
		4836AAC920747D910033F06E /* demo2Tests */ = {
			isa = PBXNativeTarget;
			buildConfigurationList = 4836AAE120747D910033F06E /* Build configuration list for PBXNativeTarget "demo2Tests" */;
			buildPhases = (
				4836AAC620747D910033F06E /* Sources */,
				4836AAC720747D910033F06E /* Frameworks */,
				4836AAC820747D910033F06E /* Resources */,
			);
			buildRules = (
			);
			dependencies = (
				4836AACC20747D910033F06E /* PBXTargetDependency */,
			);
			name = demo2Tests;
			productName = demo2Tests;
			productReference = 4836AACA20747D910033F06E /* demo2Tests.xctest */;
			productType = "com.apple.product-type.bundle.unit-test";
		};
		4836AAD420747D910033F06E /* demo2UITests */ = {
			isa = PBXNativeTarget;
			buildConfigurationList = 4836AAE420747D910033F06E /* Build configuration list for PBXNativeTarget "demo2UITests" */;
			buildPhases = (
				4836AAD120747D910033F06E /* Sources */,
				4836AAD220747D910033F06E /* Frameworks */,
				4836AAD320747D910033F06E /* Resources */,
			);
			buildRules = (
			);
			dependencies = (
				4836AAD720747D910033F06E /* PBXTargetDependency */,
			);
			name = demo2UITests;
			productName = demo2UITests;
			productReference = 4836AAD520747D910033F06E /* demo2UITests.xctest */;
			productType = "com.apple.product-type.bundle.ui-testing";
		};
/* End PBXNativeTarget section */

/* Begin PBXProject section */
		4836AAAA20747D910033F06E /* Project object */ = {
			isa = PBXProject;
			attributes = {
				LastUpgradeCheck = 0920;
				ORGANIZATIONNAME = "马栋军";
				TargetAttributes = {
					4836AAB120747D910033F06E = {
						CreatedOnToolsVersion = 9.2;
						ProvisioningStyle = Automatic;
					};
					4836AAC920747D910033F06E = {
						CreatedOnToolsVersion = 9.2;
						ProvisioningStyle = Automatic;
						TestTargetID = 4836AAB120747D910033F06E;
					};
					4836AAD420747D910033F06E = {
						CreatedOnToolsVersion = 9.2;
						ProvisioningStyle = Automatic;
						TestTargetID = 4836AAB120747D910033F06E;
					};
				};
			};
			buildConfigurationList = 4836AAAD20747D910033F06E /* Build configuration list for PBXProject "demo2" */;
			compatibilityVersion = "Xcode 8.0";
			developmentRegion = en;
			hasScannedForEncodings = 0;
			knownRegions = (
				en,
				Base,
			);
			mainGroup = 4836AAA920747D910033F06E;
			productRefGroup = 4836AAB320747D910033F06E /* Products */;
			projectDirPath = "";
			projectRoot = "";
			targets = (
				4836AAB120747D910033F06E /* demo2 */,
				4836AAC920747D910033F06E /* demo2Tests */,
				4836AAD420747D910033F06E /* demo2UITests */,
			);
		};
/* End PBXProject section */

/* Begin PBXResourcesBuildPhase section */
		4836AAB020747D910033F06E /* Resources */ = {
			isa = PBXResourcesBuildPhase;
			buildActionMask = 2147483647;
			files = (
				4836AAC220747D910033F06E /* LaunchScreen.storyboard in Resources */,
				4836AABF20747D910033F06E /* Assets.xcassets in Resources */,
				4836AABD20747D910033F06E /* Main.storyboard in Resources */,
			);
			runOnlyForDeploymentPostprocessing = 0;
		};
		4836AAC820747D910033F06E /* Resources */ = {
			isa = PBXResourcesBuildPhase;
			buildActionMask = 2147483647;
			files = (
			);
			runOnlyForDeploymentPostprocessing = 0;
		};
		4836AAD320747D910033F06E /* Resources */ = {
			isa = PBXResourcesBuildPhase;
			buildActionMask = 2147483647;
			files = (
			);
			runOnlyForDeploymentPostprocessing = 0;
		};
/* End PBXResourcesBuildPhase section */

/* Begin PBXSourcesBuildPhase section */
		4836AAAE20747D910033F06E /* Sources */ = {
			isa = PBXSourcesBuildPhase;
			buildActionMask = 2147483647;
			files = (
				4836AABA20747D910033F06E /* ViewController.m in Sources */,
				4836AAC520747D910033F06E /* main.m in Sources */,
				4836AAB720747D910033F06E /* AppDelegate.m in Sources */,
			);
			runOnlyForDeploymentPostprocessing = 0;
		};
		4836AAC620747D910033F06E /* Sources */ = {
			isa = PBXSourcesBuildPhase;
			buildActionMask = 2147483647;
			files = (
				4836AACF20747D910033F06E /* demo2Tests.m in Sources */,
			);
			runOnlyForDeploymentPostprocessing = 0;
		};
		4836AAD120747D910033F06E /* Sources */ = {
			isa = PBXSourcesBuildPhase;
			buildActionMask = 2147483647;
			files = (
				4836AADA20747D910033F06E /* demo2UITests.m in Sources */,
			);
			runOnlyForDeploymentPostprocessing = 0;
		};
/* End PBXSourcesBuildPhase section */

/* Begin PBXTargetDependency section */
		4836AACC20747D910033F06E /* PBXTargetDependency */ = {
			isa = PBXTargetDependency;
			target = 4836AAB120747D910033F06E /* demo2 */;
			targetProxy = 4836AACB20747D910033F06E /* PBXContainerItemProxy */;
		};
		4836AAD720747D910033F06E /* PBXTargetDependency */ = {
			isa = PBXTargetDependency;
			target = 4836AAB120747D910033F06E /* demo2 */;
			targetProxy = 4836AAD620747D910033F06E /* PBXContainerItemProxy */;
		};
/* End PBXTargetDependency section */

/* Begin PBXVariantGroup section */
		4836AABB20747D910033F06E /* Main.storyboard */ = {
			isa = PBXVariantGroup;
			children = (
				4836AABC20747D910033F06E /* Base */,
			);
			name = Main.storyboard;
			sourceTree = "<group>";
		};
		4836AAC020747D910033F06E /* LaunchScreen.storyboard */ = {
			isa = PBXVariantGroup;
			children = (
				4836AAC120747D910033F06E /* Base */,
			);
			name = LaunchScreen.storyboard;
			sourceTree = "<group>";
		};
/* End PBXVariantGroup section */

/* Begin XCBuildConfiguration section */
		4836AADC20747D910033F06E /* Debug */ = {
			isa = XCBuildConfiguration;
			buildSettings = {
				ALWAYS_SEARCH_USER_PATHS = NO;
				CLANG_ANALYZER_NONNULL = YES;
				CLANG_ANALYZER_NUMBER_OBJECT_CONVERSION = YES_AGGRESSIVE;
				CLANG_CXX_LANGUAGE_STANDARD = "gnu++14";
				CLANG_CXX_LIBRARY = "libc++";
				CLANG_ENABLE_MODULES = YES;
				CLANG_ENABLE_OBJC_ARC = YES;
				CLANG_WARN_BLOCK_CAPTURE_AUTORELEASING = YES;
				CLANG_WARN_BOOL_CONVERSION = YES;
				CLANG_WARN_COMMA = YES;
				CLANG_WARN_CONSTANT_CONVERSION = YES;
				CLANG_WARN_DIRECT_OBJC_ISA_USAGE = YES_ERROR;
				CLANG_WARN_DOCUMENTATION_COMMENTS = YES;
				CLANG_WARN_EMPTY_BODY = YES;
				CLANG_WARN_ENUM_CONVERSION = YES;
				CLANG_WARN_INFINITE_RECURSION = YES;
				CLANG_WARN_INT_CONVERSION = YES;
				CLANG_WARN_NON_LITERAL_NULL_CONVERSION = YES;
				CLANG_WARN_OBJC_LITERAL_CONVERSION = YES;
				CLANG_WARN_OBJC_ROOT_CLASS = YES_ERROR;
				CLANG_WARN_RANGE_LOOP_ANALYSIS = YES;
				CLANG_WARN_STRICT_PROTOTYPES = YES;
				CLANG_WARN_SUSPICIOUS_MOVE = YES;
				CLANG_WARN_UNGUARDED_AVAILABILITY = YES_AGGRESSIVE;
				CLANG_WARN_UNREACHABLE_CODE = YES;
				CLANG_WARN__DUPLICATE_METHOD_MATCH = YES;
				CODE_SIGN_IDENTITY = "iPhone Developer";
				COPY_PHASE_STRIP = NO;
				DEBUG_INFORMATION_FORMAT = dwarf;
				ENABLE_STRICT_OBJC_MSGSEND = YES;
				ENABLE_TESTABILITY = YES;
				GCC_C_LANGUAGE_STANDARD = gnu11;
				GCC_DYNAMIC_NO_PIC = NO;
				GCC_NO_COMMON_BLOCKS = YES;
				GCC_OPTIMIZATION_LEVEL = 0;
				GCC_PREPROCESSOR_DEFINITIONS = (
					"DEBUG=1",
					"$(inherited)",
				);
				GCC_WARN_64_TO_32_BIT_CONVERSION = YES;
				GCC_WARN_ABOUT_RETURN_TYPE = YES_ERROR;
				GCC_WARN_UNDECLARED_SELECTOR = YES;
				GCC_WARN_UNINITIALIZED_AUTOS = YES_AGGRESSIVE;
				GCC_WARN_UNUSED_FUNCTION = YES;
				GCC_WARN_UNUSED_VARIABLE = YES;
				IPHONEOS_DEPLOYMENT_TARGET = 11.2;
				MTL_ENABLE_DEBUG_INFO = YES;
				ONLY_ACTIVE_ARCH = YES;
				SDKROOT = iphoneos;
			};
			name = Debug;
		};
		4836AADD20747D910033F06E /* Release */ = {
			isa = XCBuildConfiguration;
			buildSettings = {
				ALWAYS_SEARCH_USER_PATHS = NO;
				CLANG_ANALYZER_NONNULL = YES;
				CLANG_ANALYZER_NUMBER_OBJECT_CONVERSION = YES_AGGRESSIVE;
				CLANG_CXX_LANGUAGE_STANDARD = "gnu++14";
				CLANG_CXX_LIBRARY = "libc++";
				CLANG_ENABLE_MODULES = YES;
				CLANG_ENABLE_OBJC_ARC = YES;
				CLANG_WARN_BLOCK_CAPTURE_AUTORELEASING = YES;
				CLANG_WARN_BOOL_CONVERSION = YES;
				CLANG_WARN_COMMA = YES;
				CLANG_WARN_CONSTANT_CONVERSION = YES;
				CLANG_WARN_DIRECT_OBJC_ISA_USAGE = YES_ERROR;
				CLANG_WARN_DOCUMENTATION_COMMENTS = YES;
				CLANG_WARN_EMPTY_BODY = YES;
				CLANG_WARN_ENUM_CONVERSION = YES;
				CLANG_WARN_INFINITE_RECURSION = YES;
				CLANG_WARN_INT_CONVERSION = YES;
				CLANG_WARN_NON_LITERAL_NULL_CONVERSION = YES;
				CLANG_WARN_OBJC_LITERAL_CONVERSION = YES;
				CLANG_WARN_OBJC_ROOT_CLASS = YES_ERROR;
				CLANG_WARN_RANGE_LOOP_ANALYSIS = YES;
				CLANG_WARN_STRICT_PROTOTYPES = YES;
				CLANG_WARN_SUSPICIOUS_MOVE = YES;
				CLANG_WARN_UNGUARDED_AVAILABILITY = YES_AGGRESSIVE;
				CLANG_WARN_UNREACHABLE_CODE = YES;
				CLANG_WARN__DUPLICATE_METHOD_MATCH = YES;
				CODE_SIGN_IDENTITY = "iPhone Developer";
				COPY_PHASE_STRIP = NO;
				DEBUG_INFORMATION_FORMAT = "dwarf-with-dsym";
				ENABLE_NS_ASSERTIONS = NO;
				ENABLE_STRICT_OBJC_MSGSEND = YES;
				GCC_C_LANGUAGE_STANDARD = gnu11;
				GCC_NO_COMMON_BLOCKS = YES;
				GCC_WARN_64_TO_32_BIT_CONVERSION = YES;
				GCC_WARN_ABOUT_RETURN_TYPE = YES_ERROR;
				GCC_WARN_UNDECLARED_SELECTOR = YES;
				GCC_WARN_UNINITIALIZED_AUTOS = YES_AGGRESSIVE;
				GCC_WARN_UNUSED_FUNCTION = YES;
				GCC_WARN_UNUSED_VARIABLE = YES;
				IPHONEOS_DEPLOYMENT_TARGET = 11.2;
				MTL_ENABLE_DEBUG_INFO = NO;
				SDKROOT = iphoneos;
				VALIDATE_PRODUCT = YES;
			};
			name = Release;
		};
		4836AADF20747D910033F06E /* Debug */ = {
			isa = XCBuildConfiguration;
			buildSettings = {
				ASSETCATALOG_COMPILER_APPICON_NAME = AppIcon;
				CODE_SIGN_STYLE = Automatic;
				DEVELOPMENT_TEAM = ZTW9XPA927;
				INFOPLIST_FILE = demo2/Info.plist;
				LD_RUNPATH_SEARCH_PATHS = "$(inherited) @executable_path/Frameworks";
				PRODUCT_BUNDLE_IDENTIFIER = DangDangWang.demo2;
				PRODUCT_NAME = "$(TARGET_NAME)";
				TARGETED_DEVICE_FAMILY = "1,2";
			};
			name = Debug;
		};
		4836AAE020747D910033F06E /* Release */ = {
			isa = XCBuildConfiguration;
			buildSettings = {
				ASSETCATALOG_COMPILER_APPICON_NAME = AppIcon;
				CODE_SIGN_STYLE = Automatic;
				DEVELOPMENT_TEAM = ZTW9XPA927;
				INFOPLIST_FILE = demo2/Info.plist;
				LD_RUNPATH_SEARCH_PATHS = "$(inherited) @executable_path/Frameworks";
				PRODUCT_BUNDLE_IDENTIFIER = DangDangWang.demo2;
				PRODUCT_NAME = "$(TARGET_NAME)";
				TARGETED_DEVICE_FAMILY = "1,2";
			};
			name = Release;
		};
		4836AAE220747D910033F06E /* Debug */ = {
			isa = XCBuildConfiguration;
			buildSettings = {
				BUNDLE_LOADER = "$(TEST_HOST)";
				CODE_SIGN_STYLE = Automatic;
				DEVELOPMENT_TEAM = ZTW9XPA927;
				INFOPLIST_FILE = demo2Tests/Info.plist;
				LD_RUNPATH_SEARCH_PATHS = "$(inherited) @executable_path/Frameworks @loader_path/Frameworks";
				PRODUCT_BUNDLE_IDENTIFIER = DangDangWang.demo2Tests;
				PRODUCT_NAME = "$(TARGET_NAME)";
				TARGETED_DEVICE_FAMILY = "1,2";
				TEST_HOST = "$(BUILT_PRODUCTS_DIR)/demo2.app/demo2";
			};
			name = Debug;
		};
		4836AAE320747D910033F06E /* Release */ = {
			isa = XCBuildConfiguration;
			buildSettings = {
				BUNDLE_LOADER = "$(TEST_HOST)";
				CODE_SIGN_STYLE = Automatic;
				DEVELOPMENT_TEAM = ZTW9XPA927;
				INFOPLIST_FILE = demo2Tests/Info.plist;
				LD_RUNPATH_SEARCH_PATHS = "$(inherited) @executable_path/Frameworks @loader_path/Frameworks";
				PRODUCT_BUNDLE_IDENTIFIER = DangDangWang.demo2Tests;
				PRODUCT_NAME = "$(TARGET_NAME)";
				TARGETED_DEVICE_FAMILY = "1,2";
				TEST_HOST = "$(BUILT_PRODUCTS_DIR)/demo2.app/demo2";
			};
			name = Release;
		};
		4836AAE520747D910033F06E /* Debug */ = {
			isa = XCBuildConfiguration;
			buildSettings = {
				CODE_SIGN_STYLE = Automatic;
				DEVELOPMENT_TEAM = ZTW9XPA927;
				INFOPLIST_FILE = demo2UITests/Info.plist;
				LD_RUNPATH_SEARCH_PATHS = "$(inherited) @executable_path/Frameworks @loader_path/Frameworks";
				PRODUCT_BUNDLE_IDENTIFIER = DangDangWang.demo2UITests;
				PRODUCT_NAME = "$(TARGET_NAME)";
				TARGETED_DEVICE_FAMILY = "1,2";
				TEST_TARGET_NAME = demo2;
			};
			name = Debug;
		};
		4836AAE620747D910033F06E /* Release */ = {
			isa = XCBuildConfiguration;
			buildSettings = {
				CODE_SIGN_STYLE = Automatic;
				DEVELOPMENT_TEAM = ZTW9XPA927;
				INFOPLIST_FILE = demo2UITests/Info.plist;
				LD_RUNPATH_SEARCH_PATHS = "$(inherited) @executable_path/Frameworks @loader_path/Frameworks";
				PRODUCT_BUNDLE_IDENTIFIER = DangDangWang.demo2UITests;
				PRODUCT_NAME = "$(TARGET_NAME)";
				TARGETED_DEVICE_FAMILY = "1,2";
				TEST_TARGET_NAME = demo2;
			};
			name = Release;
		};
/* End XCBuildConfiguration section */

/* Begin XCConfigurationList section */
		4836AAAD20747D910033F06E /* Build configuration list for PBXProject "demo2" */ = {
			isa = XCConfigurationList;
			buildConfigurations = (
				4836AADC20747D910033F06E /* Debug */,
				4836AADD20747D910033F06E /* Release */,
			);
			defaultConfigurationIsVisible = 0;
			defaultConfigurationName = Release;
		};
		4836AADE20747D910033F06E /* Build configuration list for PBXNativeTarget "demo2" */ = {
			isa = XCConfigurationList;
			buildConfigurations = (
				4836AADF20747D910033F06E /* Debug */,
				4836AAE020747D910033F06E /* Release */,
			);
			defaultConfigurationIsVisible = 0;
			defaultConfigurationName = Release;
		};
		4836AAE120747D910033F06E /* Build configuration list for PBXNativeTarget "demo2Tests" */ = {
			isa = XCConfigurationList;
			buildConfigurations = (
				4836AAE220747D910033F06E /* Debug */,
				4836AAE320747D910033F06E /* Release */,
			);
			defaultConfigurationIsVisible = 0;
			defaultConfigurationName = Release;
		};
		4836AAE420747D910033F06E /* Build configuration list for PBXNativeTarget "demo2UITests" */ = {
			isa = XCConfigurationList;
			buildConfigurations = (
				4836AAE520747D910033F06E /* Debug */,
				4836AAE620747D910033F06E /* Release */,
			);
			defaultConfigurationIsVisible = 0;
			defaultConfigurationName = Release;
		};
/* End XCConfigurationList section */
	};
	rootObject = 4836AAAA20747D910033F06E /* Project object */;
}
